
Microsoft Visual Studio Solution File, Format Version 12.00
# Visual Studio 2013
VisualStudioVersion = 12.0.31101.0
MinimumVisualStudioVersion = 10.0.40219.1
Project("{FAE04EC0-301F-11D3-BF4B-00C04F79EFBC}") = "MappingGenerator", "MappingGenerator\MappingGenerator.csproj", "{DC146DB9-8B7A-4168-8C7C-451C0308080B}"
EndProject
Project("{FAE04EC0-301F-11D3-BF4B-00C04F79EFBC}") = "MappingGenerator.Tests", "MappingGenerator.Tests\MappingGenerator.Tests.csproj", "{1EB567AB-4487-4A70-BB98-78AC59B7F540}"
EndProject
Project("{FAE04EC0-301F-11D3-BF4B-00C04F79EFBC}") = "MappingGenerator.Acceptance", "MappingGenerator.Acceptance\MappingGenerator.Acceptance.csproj", "{296863C7-283F-4724-B9A7-5D3A2EA8403C}"
EndProject
Project("{FAE04EC0-301F-11D3-BF4B-00C04F79EFBC}") = "MappingGenerator.Samples", "MappingGenerator.Samples\MappingGenerator.Samples.csproj", "{3D1126B8-D69D-4399-AE42-F75E015159DB}"
EndProject
Global
	GlobalSection(SolutionConfigurationPlatforms) = preSolution
		Debug|Any CPU = Debug|Any CPU
		Release|Any CPU = Release|Any CPU
	EndGlobalSection
	GlobalSection(ProjectConfigurationPlatforms) = postSolution
		{DC146DB9-8B7A-4168-8C7C-451C0308080B}.Debug|Any CPU.ActiveCfg = Debug|Any CPU
		{DC146DB9-8B7A-4168-8C7C-451C0308080B}.Debug|Any CPU.Build.0 = Debug|Any CPU
		{DC146DB9-8B7A-4168-8C7C-451C0308080B}.Release|Any CPU.ActiveCfg = Release|Any CPU
		{DC146DB9-8B7A-4168-8C7C-451C0308080B}.Release|Any CPU.Build.0 = Release|Any CPU
		{1EB567AB-4487-4A70-BB98-78AC59B7F540}.Debug|Any CPU.ActiveCfg = Debug|Any CPU
		{1EB567AB-4487-4A70-BB98-78AC59B7F540}.Debug|Any CPU.Build.0 = Debug|Any CPU
		{1EB567AB-4487-4A70-BB98-78AC59B7F540}.Release|Any CPU.ActiveCfg = Release|Any CPU
		{1EB567AB-4487-4A70-BB98-78AC59B7F540}.Release|Any CPU.Build.0 = Release|Any CPU
		{296863C7-283F-4724-B9A7-5D3A2EA8403C}.Debug|Any CPU.ActiveCfg = Debug|Any CPU
		{296863C7-283F-4724-B9A7-5D3A2EA8403C}.Debug|Any CPU.Build.0 = Debug|Any CPU
		{296863C7-283F-4724-B9A7-5D3A2EA8403C}.Release|Any CPU.ActiveCfg = Release|Any CPU
		{296863C7-283F-4724-B9A7-5D3A2EA8403C}.Release|Any CPU.Build.0 = Release|Any CPU
		{3D1126B8-D69D-4399-AE42-F75E015159DB}.Debug|Any CPU.ActiveCfg = Debug|Any CPU
		{3D1126B8-D69D-4399-AE42-F75E015159DB}.Debug|Any CPU.Build.0 = Debug|Any CPU
		{3D1126B8-D69D-4399-AE42-F75E015159DB}.Release|Any CPU.ActiveCfg = Release|Any CPU
		{3D1126B8-D69D-4399-AE42-F75E015159DB}.Release|Any CPU.Build.0 = Release|Any CPU
	EndGlobalSection
	GlobalSection(SolutionProperties) = preSolution
		HideSolutionNode = FALSE
	EndGlobalSection
EndGlobal
